
Microsoft Visual Studio Solution File, Format Version 12.00
# Visual Studio Version 16
VisualStudioVersion = 16.0.31729.503
MinimumVisualStudioVersion = 10.0.40219.1
Project("{FAE04EC0-301F-11D3-BF4B-00C04F79EFBC}") = "AccessibilityModifiers8523", "AccessibilityModifiers8523\AccessibilityModifiers8523.csproj", "{81820980-9BF1-4E44-B121-1FF8BF5B782A}"
EndProject
Project("{FAE04EC0-301F-11D3-BF4B-00C04F79EFBC}") = "PublicAccessibilityModifier", "PublicAccessibilityModifier\PublicAccessibilityModifier.csproj", "{E9E72F48-1CD1-4EFA-B836-8C361991EF6B}"
EndProject
Global
	GlobalSection(SolutionConfigurationPlatforms) = preSolution
		Debug|Any CPU = Debug|Any CPU
		Release|Any CPU = Release|Any CPU
	EndGlobalSection
	GlobalSection(ProjectConfigurationPlatforms) = postSolution
		{81820980-9BF1-4E44-B121-1FF8BF5B782A}.Debug|Any CPU.ActiveCfg = Debug|Any CPU
		{81820980-9BF1-4E44-B121-1FF8BF5B782A}.Debug|Any CPU.Build.0 = Debug|Any CPU
		{81820980-9BF1-4E44-B121-1FF8BF5B782A}.Release|Any CPU.ActiveCfg = Release|Any CPU
		{81820980-9BF1-4E44-B121-1FF8BF5B782A}.Release|Any CPU.Build.0 = Release|Any CPU
		{E9E72F48-1CD1-4EFA-B836-8C361991EF6B}.Debug|Any CPU.ActiveCfg = Debug|Any CPU
		{E9E72F48-1CD1-4EFA-B836-8C361991EF6B}.Debug|Any CPU.Build.0 = Debug|Any CPU
		{E9E72F48-1CD1-4EFA-B836-8C361991EF6B}.Release|Any CPU.ActiveCfg = Release|Any CPU
		{E9E72F48-1CD1-4EFA-B836-8C361991EF6B}.Release|Any CPU.Build.0 = Release|Any CPU
	EndGlobalSection
	GlobalSection(SolutionProperties) = preSolution
		HideSolutionNode = FALSE
	EndGlobalSection
	GlobalSection(ExtensibilityGlobals) = postSolution
		SolutionGuid = {4A4A270A-9B82-407F-8F54-372D2EFB1CD9}
	EndGlobalSection
EndGlobal
